
Microsoft Visual Studio Solution File, Format Version 12.00
# Visual Studio Version 16
VisualStudioVersion = 16.0.31911.196
MinimumVisualStudioVersion = 10.0.40219.1
Project("{FAE04EC0-301F-11D3-BF4B-00C04F79EFBC}") = "RetoFront", "RetoFront.csproj", "{34374265-DFEC-4259-8476-B11EC033C1C9}"
EndProject
Global
	GlobalSection(SolutionConfigurationPlatforms) = preSolution
		Debug|Any CPU = Debug|Any CPU
		Release|Any CPU = Release|Any CPU
	EndGlobalSection
	GlobalSection(ProjectConfigurationPlatforms) = postSolution
		{34374265-DFEC-4259-8476-B11EC033C1C9}.Debug|Any CPU.ActiveCfg = Debug|Any CPU
		{34374265-DFEC-4259-8476-B11EC033C1C9}.Debug|Any CPU.Build.0 = Debug|Any CPU
		{34374265-DFEC-4259-8476-B11EC033C1C9}.Release|Any CPU.ActiveCfg = Release|Any CPU
		{34374265-DFEC-4259-8476-B11EC033C1C9}.Release|Any CPU.Build.0 = Release|Any CPU
	EndGlobalSection
	GlobalSection(SolutionProperties) = preSolution
		HideSolutionNode = FALSE
	EndGlobalSection
	GlobalSection(ExtensibilityGlobals) = postSolution
		SolutionGuid = {635001AB-A70C-4719-98D7-31FFE93B5D6B}
	EndGlobalSection
EndGlobal
